
Microsoft Visual Studio Solution File, Format Version 12.00
# Visual Studio 15
VisualStudioVersion = 15.0.27428.2037
MinimumVisualStudioVersion = 10.0.40219.1
Project("{FAE04EC0-301F-11D3-BF4B-00C04F79EFBC}") = "WebServiceTrial1", "WebServiceTrial1\WebServiceTrial1.csproj", "{60F9A650-21EA-430E-9579-A6335926BE7D}"
EndProject
Project("{FAE04EC0-301F-11D3-BF4B-00C04F79EFBC}") = "WebServiceTrial1.Tests", "WebServiceTrial1.Tests\WebServiceTrial1.Tests.csproj", "{328333D9-3F9B-4570-9ABA-32464A7B5A54}"
EndProject
Global
	GlobalSection(SolutionConfigurationPlatforms) = preSolution
		Debug|Any CPU = Debug|Any CPU
		Release|Any CPU = Release|Any CPU
	EndGlobalSection
	GlobalSection(ProjectConfigurationPlatforms) = postSolution
		{60F9A650-21EA-430E-9579-A6335926BE7D}.Debug|Any CPU.ActiveCfg = Debug|Any CPU
		{60F9A650-21EA-430E-9579-A6335926BE7D}.Debug|Any CPU.Build.0 = Debug|Any CPU
		{60F9A650-21EA-430E-9579-A6335926BE7D}.Release|Any CPU.ActiveCfg = Release|Any CPU
		{60F9A650-21EA-430E-9579-A6335926BE7D}.Release|Any CPU.Build.0 = Release|Any CPU
		{328333D9-3F9B-4570-9ABA-32464A7B5A54}.Debug|Any CPU.ActiveCfg = Debug|Any CPU
		{328333D9-3F9B-4570-9ABA-32464A7B5A54}.Debug|Any CPU.Build.0 = Debug|Any CPU
		{328333D9-3F9B-4570-9ABA-32464A7B5A54}.Release|Any CPU.ActiveCfg = Release|Any CPU
		{328333D9-3F9B-4570-9ABA-32464A7B5A54}.Release|Any CPU.Build.0 = Release|Any CPU
	EndGlobalSection
	GlobalSection(SolutionProperties) = preSolution
		HideSolutionNode = FALSE
	EndGlobalSection
	GlobalSection(ExtensibilityGlobals) = postSolution
		SolutionGuid = {A8EC0237-3C72-48A9-AFCC-A674D0CA5E9F}
	EndGlobalSection
EndGlobal
